
Microsoft Visual Studio Solution File, Format Version 12.00
# Visual Studio Version 16
VisualStudioVersion = 16.0.31702.278
MinimumVisualStudioVersion = 10.0.40219.1
Project("{FAE04EC0-301F-11D3-BF4B-00C04F79EFBC}") = "Phumla Kamnandi Hotel", "Phumla Kamnandi Hotel\Phumla Kamnandi Hotel.csproj", "{5D25F6A9-93E4-4C99-BAB9-2EB4F0F0997A}"
EndProject
Global
	GlobalSection(SolutionConfigurationPlatforms) = preSolution
		Debug|Any CPU = Debug|Any CPU
		Release|Any CPU = Release|Any CPU
	EndGlobalSection
	GlobalSection(ProjectConfigurationPlatforms) = postSolution
		{5D25F6A9-93E4-4C99-BAB9-2EB4F0F0997A}.Debug|Any CPU.ActiveCfg = Debug|Any CPU
		{5D25F6A9-93E4-4C99-BAB9-2EB4F0F0997A}.Debug|Any CPU.Build.0 = Debug|Any CPU
		{5D25F6A9-93E4-4C99-BAB9-2EB4F0F0997A}.Release|Any CPU.ActiveCfg = Release|Any CPU
		{5D25F6A9-93E4-4C99-BAB9-2EB4F0F0997A}.Release|Any CPU.Build.0 = Release|Any CPU
	EndGlobalSection
	GlobalSection(SolutionProperties) = preSolution
		HideSolutionNode = FALSE
	EndGlobalSection
	GlobalSection(ExtensibilityGlobals) = postSolution
		SolutionGuid = {9C658164-70DC-4715-B070-1A7BD66DEEF7}
	EndGlobalSection
EndGlobal
